
Microsoft Visual Studio Solution File, Format Version 12.00
# Visual Studio Version 17
VisualStudioVersion = 17.10.35122.118
MinimumVisualStudioVersion = 10.0.40219.1
Project("{9A19103F-16F7-4668-BE54-9A1E7A4F7556}") = "SpotifyApiWrapper", "CardioTechnicalAssessment\SpotifyApiWrapper.csproj", "{A7F66EE2-1272-4B6F-AE7B-E733AEA00D60}"
EndProject
Global
	GlobalSection(SolutionConfigurationPlatforms) = preSolution
		Debug|Any CPU = Debug|Any CPU
		Release|Any CPU = Release|Any CPU
	EndGlobalSection
	GlobalSection(ProjectConfigurationPlatforms) = postSolution
		{A7F66EE2-1272-4B6F-AE7B-E733AEA00D60}.Debug|Any CPU.ActiveCfg = Debug|Any CPU
		{A7F66EE2-1272-4B6F-AE7B-E733AEA00D60}.Debug|Any CPU.Build.0 = Debug|Any CPU
		{A7F66EE2-1272-4B6F-AE7B-E733AEA00D60}.Release|Any CPU.ActiveCfg = Release|Any CPU
		{A7F66EE2-1272-4B6F-AE7B-E733AEA00D60}.Release|Any CPU.Build.0 = Release|Any CPU
	EndGlobalSection
	GlobalSection(SolutionProperties) = preSolution
		HideSolutionNode = FALSE
	EndGlobalSection
	GlobalSection(ExtensibilityGlobals) = postSolution
		SolutionGuid = {524C677E-9D42-4143-B119-638D312BC1D7}
	EndGlobalSection
EndGlobal
